// !$*UTF8*$!
{
	archiveVersion = 1;
	classes = {
	};
	objectVersion = 46;
	objects = {

/* Begin PBXBuildFile section */
		18047EB61C089716006D1EFA /* EditorViewController.swift in Sources */ = {isa = PBXBuildFile; fileRef = 18047EB51C089716006D1EFA /* EditorViewController.swift */; };
		18047EBE1C08AF61006D1EFA /* Data.swift in Sources */ = {isa = PBXBuildFile; fileRef = 18047EBD1C08AF61006D1EFA /* Data.swift */; };
		180CE4B51C06A33A00242094 /* Calculator.swift in Sources */ = {isa = PBXBuildFile; fileRef = 180CE4B41C06A33A00242094 /* Calculator.swift */; };
		180CE4B91C06A35600242094 /* Constants.swift in Sources */ = {isa = PBXBuildFile; fileRef = 180CE4B81C06A35600242094 /* Constants.swift */; };
		180CE4BB1C06A42300242094 /* StatusCell.swift in Sources */ = {isa = PBXBuildFile; fileRef = 180CE4BA1C06A42300242094 /* StatusCell.swift */; };
		18349E221C02C08A009E4C95 /* AsyncButton.swift in Sources */ = {isa = PBXBuildFile; fileRef = 18349E041C02C089009E4C95 /* AsyncButton.swift */; };
		18349E231C02C08A009E4C95 /* AsyncImageView.swift in Sources */ = {isa = PBXBuildFile; fileRef = 18349E051C02C089009E4C95 /* AsyncImageView.swift */; };
		18349E241C02C08A009E4C95 /* AutoTextView.swift in Sources */ = {isa = PBXBuildFile; fileRef = 18349E061C02C089009E4C95 /* AutoTextView.swift */; };
		18349E251C02C08A009E4C95 /* BlurView.swift in Sources */ = {isa = PBXBuildFile; fileRef = 18349E071C02C089009E4C95 /* BlurView.swift */; };
		18349E261C02C08A009E4C95 /* DesignableButton.swift in Sources */ = {isa = PBXBuildFile; fileRef = 18349E081C02C089009E4C95 /* DesignableButton.swift */; };
		18349E271C02C08A009E4C95 /* DesignableImageView.swift in Sources */ = {isa = PBXBuildFile; fileRef = 18349E091C02C089009E4C95 /* DesignableImageView.swift */; };
		18349E281C02C08A009E4C95 /* DesignableLabel.swift in Sources */ = {isa = PBXBuildFile; fileRef = 18349E0A1C02C089009E4C95 /* DesignableLabel.swift */; };
		18349E291C02C08A009E4C95 /* DesignableTabBarController.swift in Sources */ = {isa = PBXBuildFile; fileRef = 18349E0B1C02C089009E4C95 /* DesignableTabBarController.swift */; };
		18349E2A1C02C08A009E4C95 /* DesignableTextField.swift in Sources */ = {isa = PBXBuildFile; fileRef = 18349E0C1C02C089009E4C95 /* DesignableTextField.swift */; };
		18349E2B1C02C08A009E4C95 /* DesignableTextView.swift in Sources */ = {isa = PBXBuildFile; fileRef = 18349E0D1C02C089009E4C95 /* DesignableTextView.swift */; };
		18349E2C1C02C08A009E4C95 /* DesignableView.swift in Sources */ = {isa = PBXBuildFile; fileRef = 18349E0E1C02C089009E4C95 /* DesignableView.swift */; };
		18349E2D1C02C08A009E4C95 /* ImageLoader.swift in Sources */ = {isa = PBXBuildFile; fileRef = 18349E0F1C02C089009E4C95 /* ImageLoader.swift */; };
		18349E2E1C02C08A009E4C95 /* Info.plist in Resources */ = {isa = PBXBuildFile; fileRef = 18349E101C02C089009E4C95 /* Info.plist */; };
		18349E2F1C02C08A009E4C95 /* KeyboardLayoutConstraint.swift in Sources */ = {isa = PBXBuildFile; fileRef = 18349E111C02C089009E4C95 /* KeyboardLayoutConstraint.swift */; };
		18349E301C02C08A009E4C95 /* LoadingView.swift in Sources */ = {isa = PBXBuildFile; fileRef = 18349E121C02C089009E4C95 /* LoadingView.swift */; };
		18349E311C02C08A009E4C95 /* LoadingView.xib in Resources */ = {isa = PBXBuildFile; fileRef = 18349E131C02C089009E4C95 /* LoadingView.xib */; };
		18349E321C02C08A009E4C95 /* Misc.swift in Sources */ = {isa = PBXBuildFile; fileRef = 18349E141C02C089009E4C95 /* Misc.swift */; };
		18349E331C02C08A009E4C95 /* SoundPlayer.swift in Sources */ = {isa = PBXBuildFile; fileRef = 18349E151C02C089009E4C95 /* SoundPlayer.swift */; };
		18349E341C02C08A009E4C95 /* Spring.swift in Sources */ = {isa = PBXBuildFile; fileRef = 18349E171C02C089009E4C95 /* Spring.swift */; };
		18349E351C02C08A009E4C95 /* SpringAnimation.swift in Sources */ = {isa = PBXBuildFile; fileRef = 18349E181C02C089009E4C95 /* SpringAnimation.swift */; };
		18349E361C02C08A009E4C95 /* SpringButton.swift in Sources */ = {isa = PBXBuildFile; fileRef = 18349E191C02C089009E4C95 /* SpringButton.swift */; };
		18349E371C02C08A009E4C95 /* SpringImageView.swift in Sources */ = {isa = PBXBuildFile; fileRef = 18349E1A1C02C089009E4C95 /* SpringImageView.swift */; };
		18349E381C02C08A009E4C95 /* SpringLabel.swift in Sources */ = {isa = PBXBuildFile; fileRef = 18349E1B1C02C089009E4C95 /* SpringLabel.swift */; };
		18349E391C02C08A009E4C95 /* SpringTextField.swift in Sources */ = {isa = PBXBuildFile; fileRef = 18349E1C1C02C089009E4C95 /* SpringTextField.swift */; };
		18349E3A1C02C08A009E4C95 /* SpringTextView.swift in Sources */ = {isa = PBXBuildFile; fileRef = 18349E1D1C02C089009E4C95 /* SpringTextView.swift */; };
		18349E3B1C02C08A009E4C95 /* SpringView.swift in Sources */ = {isa = PBXBuildFile; fileRef = 18349E1E1C02C089009E4C95 /* SpringView.swift */; };
		18349E3C1C02C08A009E4C95 /* TransitionManager.swift in Sources */ = {isa = PBXBuildFile; fileRef = 18349E1F1C02C089009E4C95 /* TransitionManager.swift */; };
		18349E3D1C02C08A009E4C95 /* TransitionZoom.swift in Sources */ = {isa = PBXBuildFile; fileRef = 18349E201C02C089009E4C95 /* TransitionZoom.swift */; };
		18349E3E1C02C08A009E4C95 /* UnwindSegue.swift in Sources */ = {isa = PBXBuildFile; fileRef = 18349E211C02C089009E4C95 /* UnwindSegue.swift */; };
		186224D01C02EACA0030D2D6 /* SettingTableViewController.swift in Sources */ = {isa = PBXBuildFile; fileRef = 186224CF1C02EACA0030D2D6 /* SettingTableViewController.swift */; };
		186224D81C0323D70030D2D6 /* MZLoadingView.swift in Sources */ = {isa = PBXBuildFile; fileRef = 186224D71C0323D70030D2D6 /* MZLoadingView.swift */; };
		186224DA1C03262F0030D2D6 /* TestViewController.swift in Sources */ = {isa = PBXBuildFile; fileRef = 186224D91C03262F0030D2D6 /* TestViewController.swift */; };
		187F2BBE1C06DCFF00BD96B4 /* Extensions.swift in Sources */ = {isa = PBXBuildFile; fileRef = 187F2BBD1C06DCFF00BD96B4 /* Extensions.swift */; };
		187F2BC61C06DF3100BD96B4 /* PreviewPictureController.swift in Sources */ = {isa = PBXBuildFile; fileRef = 187F2BC51C06DF3100BD96B4 /* PreviewPictureController.swift */; };
		187F2BC81C07632200BD96B4 /* TabBarController.swift in Sources */ = {isa = PBXBuildFile; fileRef = 187F2BC71C07632200BD96B4 /* TabBarController.swift */; };
		187F2BCA1C076FBD00BD96B4 /* NewStatusMenuViewController.swift in Sources */ = {isa = PBXBuildFile; fileRef = 187F2BC91C076FBD00BD96B4 /* NewStatusMenuViewController.swift */; };
		189AC2111BFD6CEC00BF5ACE /* BaseURL.swift in Sources */ = {isa = PBXBuildFile; fileRef = 189AC2101BFD6CEC00BF5ACE /* BaseURL.swift */; };
		189AC2131BFD6E7800BF5ACE /* OauthViewController.swift in Sources */ = {isa = PBXBuildFile; fileRef = 189AC2121BFD6E7800BF5ACE /* OauthViewController.swift */; };
		189AC2151BFD728C00BF5ACE /* AuthenticationSetter.swift in Sources */ = {isa = PBXBuildFile; fileRef = 189AC2141BFD728C00BF5ACE /* AuthenticationSetter.swift */; };
		189AC2301BFD984B00BF5ACE /* Alamofire.framework in Frameworks */ = {isa = PBXBuildFile; fileRef = 189AC2221BFD981D00BF5ACE /* Alamofire.framework */; };
		189AC2311BFD984B00BF5ACE /* Alamofire.framework in Embed Frameworks */ = {isa = PBXBuildFile; fileRef = 189AC2221BFD981D00BF5ACE /* Alamofire.framework */; settings = {ATTRIBUTES = (CodeSignOnCopy, RemoveHeadersOnCopy, ); }; };
		189AC2361BFD9B2700BF5ACE /* SwiftyJSON.swift in Sources */ = {isa = PBXBuildFile; fileRef = 189AC2351BFD9B2700BF5ACE /* SwiftyJSON.swift */; };
		189AC2381BFDA2A800BF5ACE /* NetWork.swift in Sources */ = {isa = PBXBuildFile; fileRef = 189AC2371BFDA2A800BF5ACE /* NetWork.swift */; };
		189AC23B1BFDA48300BF5ACE /* SaveData.swift in Sources */ = {isa = PBXBuildFile; fileRef = 189AC23A1BFDA48300BF5ACE /* SaveData.swift */; };
		189AC23F1BFDB7F200BF5ACE /* MZNotificationCenter.swift in Sources */ = {isa = PBXBuildFile; fileRef = 189AC23E1BFDB7F200BF5ACE /* MZNotificationCenter.swift */; };
		189AC2411BFDC14300BF5ACE /* TopWeiboTableViewController.swift in Sources */ = {isa = PBXBuildFile; fileRef = 189AC2401BFDC14300BF5ACE /* TopWeiboTableViewController.swift */; };
		189AC2431BFDC16800BF5ACE /* NotificationTableViewController.swift in Sources */ = {isa = PBXBuildFile; fileRef = 189AC2421BFDC16800BF5ACE /* NotificationTableViewController.swift */; };
		189AC2451BFDC18B00BF5ACE /* SearchViewController.swift in Sources */ = {isa = PBXBuildFile; fileRef = 189AC2441BFDC18B00BF5ACE /* SearchViewController.swift */; };
		189AC2471BFDC1FA00BF5ACE /* SelfTableViewController.swift in Sources */ = {isa = PBXBuildFile; fileRef = 189AC2461BFDC1FA00BF5ACE /* SelfTableViewController.swift */; };
		18C9D3A91BFF235C00FC714E /* Weibo.swift in Sources */ = {isa = PBXBuildFile; fileRef = 18C9D3A81BFF235C00FC714E /* Weibo.swift */; };
		18D5B9AB1C037BBE006AD9DC /* UIColorExtension.swift in Sources */ = {isa = PBXBuildFile; fileRef = 18D5B9AA1C037BBE006AD9DC /* UIColorExtension.swift */; };
		18DB1E961C0B0E1300F0D122 /* TPKeyboardAvoidingCollectionView.m in Sources */ = {isa = PBXBuildFile; fileRef = 18DB1E8F1C0B0E1300F0D122 /* TPKeyboardAvoidingCollectionView.m */; };
		18DB1E971C0B0E1300F0D122 /* TPKeyboardAvoidingScrollView.m in Sources */ = {isa = PBXBuildFile; fileRef = 18DB1E911C0B0E1300F0D122 /* TPKeyboardAvoidingScrollView.m */; };
		18DB1E981C0B0E1300F0D122 /* TPKeyboardAvoidingTableView.m in Sources */ = {isa = PBXBuildFile; fileRef = 18DB1E931C0B0E1300F0D122 /* TPKeyboardAvoidingTableView.m */; };
		18DB1E991C0B0E1300F0D122 /* UIScrollView+TPKeyboardAvoidingAdditions.m in Sources */ = {isa = PBXBuildFile; fileRef = 18DB1E951C0B0E1300F0D122 /* UIScrollView+TPKeyboardAvoidingAdditions.m */; };
		18DB1EEC1C0B557300F0D122 /* pop.framework in Frameworks */ = {isa = PBXBuildFile; fileRef = 18DB1EE11C0B556900F0D122 /* pop.framework */; };
		18DB1EED1C0B557300F0D122 /* pop.framework in Embed Frameworks */ = {isa = PBXBuildFile; fileRef = 18DB1EE11C0B556900F0D122 /* pop.framework */; settings = {ATTRIBUTES = (CodeSignOnCopy, RemoveHeadersOnCopy, ); }; };
		18F8B9EC1BFD5773003865E0 /* AppDelegate.swift in Sources */ = {isa = PBXBuildFile; fileRef = 18F8B9EB1BFD5773003865E0 /* AppDelegate.swift */; };
		18F8B9EE1BFD5773003865E0 /* ViewController.swift in Sources */ = {isa = PBXBuildFile; fileRef = 18F8B9ED1BFD5773003865E0 /* ViewController.swift */; };
		18F8B9F11BFD5773003865E0 /* Main.storyboard in Resources */ = {isa = PBXBuildFile; fileRef = 18F8B9EF1BFD5773003865E0 /* Main.storyboard */; };
		18F8B9F41BFD5773003865E0 /* MWeco.xcdatamodeld in Sources */ = {isa = PBXBuildFile; fileRef = 18F8B9F21BFD5773003865E0 /* MWeco.xcdatamodeld */; };
		18F8B9F61BFD5773003865E0 /* Assets.xcassets in Resources */ = {isa = PBXBuildFile; fileRef = 18F8B9F51BFD5773003865E0 /* Assets.xcassets */; };
		18F8B9F91BFD5773003865E0 /* LaunchScreen.storyboard in Resources */ = {isa = PBXBuildFile; fileRef = 18F8B9F71BFD5773003865E0 /* LaunchScreen.storyboard */; };
		18F8BA041BFD5773003865E0 /* MWecoUITests.swift in Sources */ = {isa = PBXBuildFile; fileRef = 18F8BA031BFD5773003865E0 /* MWecoUITests.swift */; };
/* End PBXBuildFile section */

/* Begin PBXContainerItemProxy section */
		189AC2211BFD981D00BF5ACE /* PBXContainerItemProxy */ = {
			isa = PBXContainerItemProxy;
			containerPortal = 189AC2171BFD981D00BF5ACE /* Alamofire.xcodeproj */;
			proxyType = 2;
			remoteGlobalIDString = F8111E3319A95C8B0040E7D1;
			remoteInfo = "Alamofire iOS";
		};
		189AC2231BFD981D00BF5ACE /* PBXContainerItemProxy */ = {
			isa = PBXContainerItemProxy;
			containerPortal = 189AC2171BFD981D00BF5ACE /* Alamofire.xcodeproj */;
			proxyType = 2;
			remoteGlobalIDString = F8111E3E19A95C8B0040E7D1;
			remoteInfo = "Alamofire iOS Tests";
		};
		189AC2251BFD981D00BF5ACE /* PBXContainerItemProxy */ = {
			isa = PBXContainerItemProxy;
			containerPortal = 189AC2171BFD981D00BF5ACE /* Alamofire.xcodeproj */;
			proxyType = 2;
			remoteGlobalIDString = 4DD67C0B1A5C55C900ED2280;
			remoteInfo = "Alamofire OSX";
		};
		189AC2271BFD981D00BF5ACE /* PBXContainerItemProxy */ = {
			isa = PBXContainerItemProxy;
			containerPortal = 189AC2171BFD981D00BF5ACE /* Alamofire.xcodeproj */;
			proxyType = 2;
			remoteGlobalIDString = F829C6B21A7A94F100A2CD59;
			remoteInfo = "Alamofire OSX Tests";
		};
		189AC2291BFD981D00BF5ACE /* PBXContainerItemProxy */ = {
			isa = PBXContainerItemProxy;
			containerPortal = 189AC2171BFD981D00BF5ACE /* Alamofire.xcodeproj */;
			proxyType = 2;
			remoteGlobalIDString = 4CF626EF1BA7CB3E0011A099;
			remoteInfo = "Alamofire tvOS";
		};
		189AC22B1BFD981D00BF5ACE /* PBXContainerItemProxy */ = {
			isa = PBXContainerItemProxy;
			containerPortal = 189AC2171BFD981D00BF5ACE /* Alamofire.xcodeproj */;
			proxyType = 2;
			remoteGlobalIDString = 4CF626F81BA7CB3E0011A099;
			remoteInfo = "Alamofire tvOS Tests";
		};
		189AC22D1BFD981D00BF5ACE /* PBXContainerItemProxy */ = {
			isa = PBXContainerItemProxy;
			containerPortal = 189AC2171BFD981D00BF5ACE /* Alamofire.xcodeproj */;
			proxyType = 2;
			remoteGlobalIDString = E4202FE01B667AA100C997FB;
			remoteInfo = "Alamofire watchOS";
		};
		189AC2321BFD984B00BF5ACE /* PBXContainerItemProxy */ = {
			isa = PBXContainerItemProxy;
			containerPortal = 189AC2171BFD981D00BF5ACE /* Alamofire.xcodeproj */;
			proxyType = 1;
			remoteGlobalIDString = F8111E3219A95C8B0040E7D1;
			remoteInfo = "Alamofire iOS";
		};
		18DB1EDE1C0B556900F0D122 /* PBXContainerItemProxy */ = {
			isa = PBXContainerItemProxy;
			containerPortal = 18DB1ED41C0B556800F0D122 /* pop.xcodeproj */;
			proxyType = 2;
			remoteGlobalIDString = EC191218162FB53A00E0CC76;
			remoteInfo = "pop-ios-static";
		};
		18DB1EE01C0B556900F0D122 /* PBXContainerItemProxy */ = {
			isa = PBXContainerItemProxy;
			containerPortal = 18DB1ED41C0B556800F0D122 /* pop.xcodeproj */;
			proxyType = 2;
			remoteGlobalIDString = 0B6BE74819FFD3B900762101;
			remoteInfo = "pop-ios-framework";
		};
		18DB1EE21C0B556900F0D122 /* PBXContainerItemProxy */ = {
			isa = PBXContainerItemProxy;
			containerPortal = 18DB1ED41C0B556800F0D122 /* pop.xcodeproj */;
			proxyType = 2;
			remoteGlobalIDString = EC68857F18C7B60000C6194C;
			remoteInfo = "pop-osx-framework";
		};
		18DB1EE41C0B556900F0D122 /* PBXContainerItemProxy */ = {
			isa = PBXContainerItemProxy;
			containerPortal = 18DB1ED41C0B556800F0D122 /* pop.xcodeproj */;
			proxyType = 2;
			remoteGlobalIDString = 0755AE4F1BEA15950094AB41;
			remoteInfo = "pop-tvos-framework";
		};
		18DB1EE61C0B556900F0D122 /* PBXContainerItemProxy */ = {
			isa = PBXContainerItemProxy;
			containerPortal = 18DB1ED41C0B556800F0D122 /* pop.xcodeproj */;
			proxyType = 2;
			remoteGlobalIDString = ECF01ED318C92B7F009E0AD1;
			remoteInfo = "pop-tests-ios";
		};
		18DB1EE81C0B556900F0D122 /* PBXContainerItemProxy */ = {
			isa = PBXContainerItemProxy;
			containerPortal = 18DB1ED41C0B556800F0D122 /* pop.xcodeproj */;
			proxyType = 2;
			remoteGlobalIDString = EC7E319918C93D6500B38170;
			remoteInfo = "pop-tests-osx";
		};
		18DB1EEA1C0B556900F0D122 /* PBXContainerItemProxy */ = {
			isa = PBXContainerItemProxy;
			containerPortal = 18DB1ED41C0B556800F0D122 /* pop.xcodeproj */;
			proxyType = 2;
			remoteGlobalIDString = 0755AE8C1BEA19580094AB41;
			remoteInfo = "pop-tests-tvos";
		};
		18DB1EEE1C0B557300F0D122 /* PBXContainerItemProxy */ = {
			isa = PBXContainerItemProxy;
			containerPortal = 18DB1ED41C0B556800F0D122 /* pop.xcodeproj */;
			proxyType = 1;
			remoteGlobalIDString = 0B6BE74719FFD3B900762101;
			remoteInfo = "pop-ios-framework";
		};
		18F8BA001BFD5773003865E0 /* PBXContainerItemProxy */ = {
			isa = PBXContainerItemProxy;
			containerPortal = 18F8B9E01BFD5773003865E0 /* Project object */;
			proxyType = 1;
			remoteGlobalIDString = 18F8B9E71BFD5773003865E0;
			remoteInfo = MWeco;
		};
/* End PBXContainerItemProxy section */

/* Begin PBXCopyFilesBuildPhase section */
		189AC2341BFD984B00BF5ACE /* Embed Frameworks */ = {
			isa = PBXCopyFilesBuildPhase;
			buildActionMask = 2147483647;
			dstPath = "";
			dstSubfolderSpec = 10;
			files = (
				18DB1EED1C0B557300F0D122 /* pop.framework in Embed Frameworks */,
				189AC2311BFD984B00BF5ACE /* Alamofire.framework in Embed Frameworks */,
			);
			name = "Embed Frameworks";
			runOnlyForDeploymentPostprocessing = 0;
		};
/* End PBXCopyFilesBuildPhase section */

/* Begin PBXFileReference section */
		18047EB51C089716006D1EFA /* EditorViewController.swift */ = {isa = PBXFileReference; fileEncoding = 4; lastKnownFileType = sourcecode.swift; path = EditorViewController.swift; sourceTree = "<group>"; };
		18047EBD1C08AF61006D1EFA /* Data.swift */ = {isa = PBXFileReference; fileEncoding = 4; lastKnownFileType = sourcecode.swift; path = Data.swift; sourceTree = "<group>"; };
		180CE4B41C06A33A00242094 /* Calculator.swift */ = {isa = PBXFileReference; fileEncoding = 4; lastKnownFileType = sourcecode.swift; path = Calculator.swift; sourceTree = "<group>"; };
		180CE4B81C06A35600242094 /* Constants.swift */ = {isa = PBXFileReference; fileEncoding = 4; lastKnownFileType = sourcecode.swift; path = Constants.swift; sourceTree = "<group>"; };
		180CE4BA1C06A42300242094 /* StatusCell.swift */ = {isa = PBXFileReference; fileEncoding = 4; lastKnownFileType = sourcecode.swift; path = StatusCell.swift; sourceTree = "<group>"; };
		18349E041C02C089009E4C95 /* AsyncButton.swift */ = {isa = PBXFileReference; fileEncoding = 4; lastKnownFileType = sourcecode.swift; path = AsyncButton.swift; sourceTree = "<group>"; };
		18349E051C02C089009E4C95 /* AsyncImageView.swift */ = {isa = PBXFileReference; fileEncoding = 4; lastKnownFileType = sourcecode.swift; path = AsyncImageView.swift; sourceTree = "<group>"; };
		18349E061C02C089009E4C95 /* AutoTextView.swift */ = {isa = PBXFileReference; fileEncoding = 4; lastKnownFileType = sourcecode.swift; path = AutoTextView.swift; sourceTree = "<group>"; };
		18349E071C02C089009E4C95 /* BlurView.swift */ = {isa = PBXFileReference; fileEncoding = 4; lastKnownFileType = sourcecode.swift; path = BlurView.swift; sourceTree = "<group>"; };
		18349E081C02C089009E4C95 /* DesignableButton.swift */ = {isa = PBXFileReference; fileEncoding = 4; lastKnownFileType = sourcecode.swift; path = DesignableButton.swift; sourceTree = "<group>"; };
		18349E091C02C089009E4C95 /* DesignableImageView.swift */ = {isa = PBXFileReference; fileEncoding = 4; lastKnownFileType = sourcecode.swift; path = DesignableImageView.swift; sourceTree = "<group>"; };
		18349E0A1C02C089009E4C95 /* DesignableLabel.swift */ = {isa = PBXFileReference; fileEncoding = 4; lastKnownFileType = sourcecode.swift; path = DesignableLabel.swift; sourceTree = "<group>"; };
		18349E0B1C02C089009E4C95 /* DesignableTabBarController.swift */ = {isa = PBXFileReference; fileEncoding = 4; lastKnownFileType = sourcecode.swift; path = DesignableTabBarController.swift; sourceTree = "<group>"; };
		18349E0C1C02C089009E4C95 /* DesignableTextField.swift */ = {isa = PBXFileReference; fileEncoding = 4; lastKnownFileType = sourcecode.swift; path = DesignableTextField.swift; sourceTree = "<group>"; };
		18349E0D1C02C089009E4C95 /* DesignableTextView.swift */ = {isa = PBXFileReference; fileEncoding = 4; lastKnownFileType = sourcecode.swift; path = DesignableTextView.swift; sourceTree = "<group>"; };
		18349E0E1C02C089009E4C95 /* DesignableView.swift */ = {isa = PBXFileReference; fileEncoding = 4; lastKnownFileType = sourcecode.swift; path = DesignableView.swift; sourceTree = "<group>"; };
		18349E0F1C02C089009E4C95 /* ImageLoader.swift */ = {isa = PBXFileReference; fileEncoding = 4; lastKnownFileType = sourcecode.swift; path = ImageLoader.swift; sourceTree = "<group>"; };
		18349E101C02C089009E4C95 /* Info.plist */ = {isa = PBXFileReference; fileEncoding = 4; lastKnownFileType = text.plist.xml; path = Info.plist; sourceTree = "<group>"; };
		18349E111C02C089009E4C95 /* KeyboardLayoutConstraint.swift */ = {isa = PBXFileReference; fileEncoding = 4; lastKnownFileType = sourcecode.swift; path = KeyboardLayoutConstraint.swift; sourceTree = "<group>"; };
		18349E121C02C089009E4C95 /* LoadingView.swift */ = {isa = PBXFileReference; fileEncoding = 4; lastKnownFileType = sourcecode.swift; path = LoadingView.swift; sourceTree = "<group>"; };
		18349E131C02C089009E4C95 /* LoadingView.xib */ = {isa = PBXFileReference; fileEncoding = 4; lastKnownFileType = file.xib; path = LoadingView.xib; sourceTree = "<group>"; };
		18349E141C02C089009E4C95 /* Misc.swift */ = {isa = PBXFileReference; fileEncoding = 4; lastKnownFileType = sourcecode.swift; path = Misc.swift; sourceTree = "<group>"; };
		18349E151C02C089009E4C95 /* SoundPlayer.swift */ = {isa = PBXFileReference; fileEncoding = 4; lastKnownFileType = sourcecode.swift; path = SoundPlayer.swift; sourceTree = "<group>"; };
		18349E161C02C089009E4C95 /* Spring.h */ = {isa = PBXFileReference; fileEncoding = 4; lastKnownFileType = sourcecode.c.h; path = Spring.h; sourceTree = "<group>"; };
		18349E171C02C089009E4C95 /* Spring.swift */ = {isa = PBXFileReference; fileEncoding = 4; lastKnownFileType = sourcecode.swift; path = Spring.swift; sourceTree = "<group>"; };
		18349E181C02C089009E4C95 /* SpringAnimation.swift */ = {isa = PBXFileReference; fileEncoding = 4; lastKnownFileType = sourcecode.swift; path = SpringAnimation.swift; sourceTree = "<group>"; };
		18349E191C02C089009E4C95 /* SpringButton.swift */ = {isa = PBXFileReference; fileEncoding = 4; lastKnownFileType = sourcecode.swift; path = SpringButton.swift; sourceTree = "<group>"; };
		18349E1A1C02C089009E4C95 /* SpringImageView.swift */ = {isa = PBXFileReference; fileEncoding = 4; lastKnownFileType = sourcecode.swift; path = SpringImageView.swift; sourceTree = "<group>"; };
		18349E1B1C02C089009E4C95 /* SpringLabel.swift */ = {isa = PBXFileReference; fileEncoding = 4; lastKnownFileType = sourcecode.swift; path = SpringLabel.swift; sourceTree = "<group>"; };
		18349E1C1C02C089009E4C95 /* SpringTextField.swift */ = {isa = PBXFileReference; fileEncoding = 4; lastKnownFileType = sourcecode.swift; path = SpringTextField.swift; sourceTree = "<group>"; };
		18349E1D1C02C089009E4C95 /* SpringTextView.swift */ = {isa = PBXFileReference; fileEncoding = 4; lastKnownFileType = sourcecode.swift; path = SpringTextView.swift; sourceTree = "<group>"; };
		18349E1E1C02C089009E4C95 /* SpringView.swift */ = {isa = PBXFileReference; fileEncoding = 4; lastKnownFileType = sourcecode.swift; path = SpringView.swift; sourceTree = "<group>"; };
		18349E1F1C02C089009E4C95 /* TransitionManager.swift */ = {isa = PBXFileReference; fileEncoding = 4; lastKnownFileType = sourcecode.swift; path = TransitionManager.swift; sourceTree = "<group>"; };
		18349E201C02C089009E4C95 /* TransitionZoom.swift */ = {isa = PBXFileReference; fileEncoding = 4; lastKnownFileType = sourcecode.swift; path = TransitionZoom.swift; sourceTree = "<group>"; };
		18349E211C02C089009E4C95 /* UnwindSegue.swift */ = {isa = PBXFileReference; fileEncoding = 4; lastKnownFileType = sourcecode.swift; path = UnwindSegue.swift; sourceTree = "<group>"; };
		186224CF1C02EACA0030D2D6 /* SettingTableViewController.swift */ = {isa = PBXFileReference; fileEncoding = 4; lastKnownFileType = sourcecode.swift; path = SettingTableViewController.swift; sourceTree = "<group>"; };
		186224D71C0323D70030D2D6 /* MZLoadingView.swift */ = {isa = PBXFileReference; fileEncoding = 4; lastKnownFileType = sourcecode.swift; path = MZLoadingView.swift; sourceTree = "<group>"; };
		186224D91C03262F0030D2D6 /* TestViewController.swift */ = {isa = PBXFileReference; fileEncoding = 4; lastKnownFileType = sourcecode.swift; path = TestViewController.swift; sourceTree = "<group>"; };
		187F2BBD1C06DCFF00BD96B4 /* Extensions.swift */ = {isa = PBXFileReference; fileEncoding = 4; lastKnownFileType = sourcecode.swift; path = Extensions.swift; sourceTree = "<group>"; };
		187F2BC51C06DF3100BD96B4 /* PreviewPictureController.swift */ = {isa = PBXFileReference; fileEncoding = 4; lastKnownFileType = sourcecode.swift; path = PreviewPictureController.swift; sourceTree = "<group>"; };
		187F2BC71C07632200BD96B4 /* TabBarController.swift */ = {isa = PBXFileReference; fileEncoding = 4; lastKnownFileType = sourcecode.swift; path = TabBarController.swift; sourceTree = "<group>"; };
		187F2BC91C076FBD00BD96B4 /* NewStatusMenuViewController.swift */ = {isa = PBXFileReference; fileEncoding = 4; lastKnownFileType = sourcecode.swift; path = NewStatusMenuViewController.swift; sourceTree = "<group>"; };
		189AC2101BFD6CEC00BF5ACE /* BaseURL.swift */ = {isa = PBXFileReference; fileEncoding = 4; lastKnownFileType = sourcecode.swift; path = BaseURL.swift; sourceTree = "<group>"; };
		189AC2121BFD6E7800BF5ACE /* OauthViewController.swift */ = {isa = PBXFileReference; fileEncoding = 4; lastKnownFileType = sourcecode.swift; path = OauthViewController.swift; sourceTree = "<group>"; };
		189AC2141BFD728C00BF5ACE /* AuthenticationSetter.swift */ = {isa = PBXFileReference; fileEncoding = 4; lastKnownFileType = sourcecode.swift; name = AuthenticationSetter.swift; path = MWeco/AuthenticationSetter.swift; sourceTree = "<group>"; };
		189AC2161BFD737500BF5ACE /* MyPlayground.playground */ = {isa = PBXFileReference; lastKnownFileType = file.playground; path = MyPlayground.playground; sourceTree = "<group>"; };
		189AC2171BFD981D00BF5ACE /* Alamofire.xcodeproj */ = {isa = PBXFileReference; lastKnownFileType = "wrapper.pb-project"; name = Alamofire.xcodeproj; path = ../../../Downloads/IOS_FRAMEWORKS/Alamofire/Alamofire.xcodeproj; sourceTree = "<group>"; };
		189AC2351BFD9B2700BF5ACE /* SwiftyJSON.swift */ = {isa = PBXFileReference; fileEncoding = 4; lastKnownFileType = sourcecode.swift; path = SwiftyJSON.swift; sourceTree = "<group>"; };
		189AC2371BFDA2A800BF5ACE /* NetWork.swift */ = {isa = PBXFileReference; fileEncoding = 4; lastKnownFileType = sourcecode.swift; path = NetWork.swift; sourceTree = "<group>"; };
		189AC23A1BFDA48300BF5ACE /* SaveData.swift */ = {isa = PBXFileReference; fileEncoding = 4; lastKnownFileType = sourcecode.swift; path = SaveData.swift; sourceTree = "<group>"; };
		189AC23E1BFDB7F200BF5ACE /* MZNotificationCenter.swift */ = {isa = PBXFileReference; fileEncoding = 4; lastKnownFileType = sourcecode.swift; path = MZNotificationCenter.swift; sourceTree = "<group>"; };
		189AC2401BFDC14300BF5ACE /* TopWeiboTableViewController.swift */ = {isa = PBXFileReference; fileEncoding = 4; lastKnownFileType = sourcecode.swift; path = TopWeiboTableViewController.swift; sourceTree = "<group>"; };
		189AC2421BFDC16800BF5ACE /* NotificationTableViewController.swift */ = {isa = PBXFileReference; fileEncoding = 4; lastKnownFileType = sourcecode.swift; path = NotificationTableViewController.swift; sourceTree = "<group>"; };
		189AC2441BFDC18B00BF5ACE /* SearchViewController.swift */ = {isa = PBXFileReference; fileEncoding = 4; lastKnownFileType = sourcecode.swift; path = SearchViewController.swift; sourceTree = "<group>"; };
		189AC2461BFDC1FA00BF5ACE /* SelfTableViewController.swift */ = {isa = PBXFileReference; fileEncoding = 4; lastKnownFileType = sourcecode.swift; path = SelfTableViewController.swift; sourceTree = "<group>"; };
		18C9D3A81BFF235C00FC714E /* Weibo.swift */ = {isa = PBXFileReference; fileEncoding = 4; lastKnownFileType = sourcecode.swift; path = Weibo.swift; sourceTree = "<group>"; };
		18D5B9AA1C037BBE006AD9DC /* UIColorExtension.swift */ = {isa = PBXFileReference; fileEncoding = 4; lastKnownFileType = sourcecode.swift; path = UIColorExtension.swift; sourceTree = "<group>"; };
		18DB1E8E1C0B0E1300F0D122 /* TPKeyboardAvoidingCollectionView.h */ = {isa = PBXFileReference; fileEncoding = 4; lastKnownFileType = sourcecode.c.h; path = TPKeyboardAvoidingCollectionView.h; sourceTree = "<group>"; };
		18DB1E8F1C0B0E1300F0D122 /* TPKeyboardAvoidingCollectionView.m */ = {isa = PBXFileReference; fileEncoding = 4; lastKnownFileType = sourcecode.c.objc; path = TPKeyboardAvoidingCollectionView.m; sourceTree = "<group>"; };
		18DB1E901C0B0E1300F0D122 /* TPKeyboardAvoidingScrollView.h */ = {isa = PBXFileReference; fileEncoding = 4; lastKnownFileType = sourcecode.c.h; path = TPKeyboardAvoidingScrollView.h; sourceTree = "<group>"; };
		18DB1E911C0B0E1300F0D122 /* TPKeyboardAvoidingScrollView.m */ = {isa = PBXFileReference; fileEncoding = 4; lastKnownFileType = sourcecode.c.objc; path = TPKeyboardAvoidingScrollView.m; sourceTree = "<group>"; };
		18DB1E921C0B0E1300F0D122 /* TPKeyboardAvoidingTableView.h */ = {isa = PBXFileReference; fileEncoding = 4; lastKnownFileType = sourcecode.c.h; path = TPKeyboardAvoidingTableView.h; sourceTree = "<group>"; };
		18DB1E931C0B0E1300F0D122 /* TPKeyboardAvoidingTableView.m */ = {isa = PBXFileReference; fileEncoding = 4; lastKnownFileType = sourcecode.c.objc; path = TPKeyboardAvoidingTableView.m; sourceTree = "<group>"; };
		18DB1E941C0B0E1300F0D122 /* UIScrollView+TPKeyboardAvoidingAdditions.h */ = {isa = PBXFileReference; fileEncoding = 4; lastKnownFileType = sourcecode.c.h; path = "UIScrollView+TPKeyboardAvoidingAdditions.h"; sourceTree = "<group>"; };
		18DB1E951C0B0E1300F0D122 /* UIScrollView+TPKeyboardAvoidingAdditions.m */ = {isa = PBXFileReference; fileEncoding = 4; lastKnownFileType = sourcecode.c.objc; path = "UIScrollView+TPKeyboardAvoidingAdditions.m"; sourceTree = "<group>"; };
		18DB1ED41C0B556800F0D122 /* pop.xcodeproj */ = {isa = PBXFileReference; lastKnownFileType = "wrapper.pb-project"; name = pop.xcodeproj; path = ../../../Downloads/IOS_FRAMEWORKS/pop/pop.xcodeproj; sourceTree = "<group>"; };
		18F8B9E81BFD5773003865E0 /* MWeco.app */ = {isa = PBXFileReference; explicitFileType = wrapper.application; includeInIndex = 0; path = MWeco.app; sourceTree = BUILT_PRODUCTS_DIR; };
		18F8B9EB1BFD5773003865E0 /* AppDelegate.swift */ = {isa = PBXFileReference; lastKnownFileType = sourcecode.swift; path = AppDelegate.swift; sourceTree = "<group>"; };
		18F8B9ED1BFD5773003865E0 /* ViewController.swift */ = {isa = PBXFileReference; lastKnownFileType = sourcecode.swift; path = ViewController.swift; sourceTree = "<group>"; };
		18F8B9F01BFD5773003865E0 /* Base */ = {isa = PBXFileReference; lastKnownFileType = file.storyboard; name = Base; path = Base.lproj/Main.storyboard; sourceTree = "<group>"; };
		18F8B9F31BFD5773003865E0 /* MWeco.xcdatamodel */ = {isa = PBXFileReference; lastKnownFileType = wrapper.xcdatamodel; path = MWeco.xcdatamodel; sourceTree = "<group>"; };
		18F8B9F51BFD5773003865E0 /* Assets.xcassets */ = {isa = PBXFileReference; lastKnownFileType = folder.assetcatalog; path = Assets.xcassets; sourceTree = "<group>"; };
		18F8B9F81BFD5773003865E0 /* Base */ = {isa = PBXFileReference; lastKnownFileType = file.storyboard; name = Base; path = Base.lproj/LaunchScreen.storyboard; sourceTree = "<group>"; };
		18F8B9FA1BFD5773003865E0 /* Info.plist */ = {isa = PBXFileReference; lastKnownFileType = text.plist.xml; path = Info.plist; sourceTree = "<group>"; };
		18F8B9FF1BFD5773003865E0 /* MWecoUITests.xctest */ = {isa = PBXFileReference; explicitFileType = wrapper.cfbundle; includeInIndex = 0; path = MWecoUITests.xctest; sourceTree = BUILT_PRODUCTS_DIR; };
		18F8BA031BFD5773003865E0 /* MWecoUITests.swift */ = {isa = PBXFileReference; lastKnownFileType = sourcecode.swift; path = MWecoUITests.swift; sourceTree = "<group>"; };
		18F8BA051BFD5773003865E0 /* Info.plist */ = {isa = PBXFileReference; lastKnownFileType = text.plist.xml; path = Info.plist; sourceTree = "<group>"; };
/* End PBXFileReference section */

/* Begin PBXFrameworksBuildPhase section */
		18F8B9E51BFD5773003865E0 /* Frameworks */ = {
			isa = PBXFrameworksBuildPhase;
			buildActionMask = 2147483647;
			files = (
				18DB1EEC1C0B557300F0D122 /* pop.framework in Frameworks */,
				189AC2301BFD984B00BF5ACE /* Alamofire.framework in Frameworks */,
			);
			runOnlyForDeploymentPostprocessing = 0;
		};
		18F8B9FC1BFD5773003865E0 /* Frameworks */ = {
			isa = PBXFrameworksBuildPhase;
			buildActionMask = 2147483647;
			files = (
			);
			runOnlyForDeploymentPostprocessing = 0;
		};
/* End PBXFrameworksBuildPhase section */

/* Begin PBXGroup section */
		18047EC11C08C43B006D1EFA /* Controllers */ = {
			isa = PBXGroup;
			children = (
				187F2BBD1C06DCFF00BD96B4 /* Extensions.swift */,
				18047EB51C089716006D1EFA /* EditorViewController.swift */,
				187F2BC71C07632200BD96B4 /* TabBarController.swift */,
				187F2BC91C076FBD00BD96B4 /* NewStatusMenuViewController.swift */,
				189AC2401BFDC14300BF5ACE /* TopWeiboTableViewController.swift */,
				189AC2421BFDC16800BF5ACE /* NotificationTableViewController.swift */,
				189AC2441BFDC18B00BF5ACE /* SearchViewController.swift */,
				189AC2461BFDC1FA00BF5ACE /* SelfTableViewController.swift */,
				186224CF1C02EACA0030D2D6 /* SettingTableViewController.swift */,
				189AC2121BFD6E7800BF5ACE /* OauthViewController.swift */,
				187F2BC51C06DF3100BD96B4 /* PreviewPictureController.swift */,
			);
			name = Controllers;
			sourceTree = "<group>";
		};
		18349E031C02C089009E4C95 /* Spring */ = {
			isa = PBXGroup;
			children = (
				18349E041C02C089009E4C95 /* AsyncButton.swift */,
				18349E051C02C089009E4C95 /* AsyncImageView.swift */,
				18349E061C02C089009E4C95 /* AutoTextView.swift */,
				18349E071C02C089009E4C95 /* BlurView.swift */,
				18349E081C02C089009E4C95 /* DesignableButton.swift */,
				18349E091C02C089009E4C95 /* DesignableImageView.swift */,
				18349E0A1C02C089009E4C95 /* DesignableLabel.swift */,
				18349E0B1C02C089009E4C95 /* DesignableTabBarController.swift */,
				18349E0C1C02C089009E4C95 /* DesignableTextField.swift */,
				18349E0D1C02C089009E4C95 /* DesignableTextView.swift */,
				18349E0E1C02C089009E4C95 /* DesignableView.swift */,
				18349E0F1C02C089009E4C95 /* ImageLoader.swift */,
				18349E101C02C089009E4C95 /* Info.plist */,
				18349E111C02C089009E4C95 /* KeyboardLayoutConstraint.swift */,
				18349E121C02C089009E4C95 /* LoadingView.swift */,
				18349E131C02C089009E4C95 /* LoadingView.xib */,
				18349E141C02C089009E4C95 /* Misc.swift */,
				18349E151C02C089009E4C95 /* SoundPlayer.swift */,
				18349E161C02C089009E4C95 /* Spring.h */,
				18349E171C02C089009E4C95 /* Spring.swift */,
				18349E181C02C089009E4C95 /* SpringAnimation.swift */,
				18349E191C02C089009E4C95 /* SpringButton.swift */,
				18349E1A1C02C089009E4C95 /* SpringImageView.swift */,
				18349E1B1C02C089009E4C95 /* SpringLabel.swift */,
				18349E1C1C02C089009E4C95 /* SpringTextField.swift */,
				18349E1D1C02C089009E4C95 /* SpringTextView.swift */,
				18349E1E1C02C089009E4C95 /* SpringView.swift */,
				18349E1F1C02C089009E4C95 /* TransitionManager.swift */,
				18349E201C02C089009E4C95 /* TransitionZoom.swift */,
				18349E211C02C089009E4C95 /* UnwindSegue.swift */,
			);
			path = Spring;
			sourceTree = "<group>";
		};
		184ECFF41BFEE087001B05B2 /* Cell */ = {
			isa = PBXGroup;
			children = (
				180CE4BA1C06A42300242094 /* StatusCell.swift */,
			);
			name = Cell;
			sourceTree = "<group>";
		};
		189AC2181BFD981D00BF5ACE /* Products */ = {
			isa = PBXGroup;
			children = (
				189AC2221BFD981D00BF5ACE /* Alamofire.framework */,
				189AC2241BFD981D00BF5ACE /* Alamofire iOS Tests.xctest */,
				189AC2261BFD981D00BF5ACE /* Alamofire.framework */,
				189AC2281BFD981D00BF5ACE /* Alamofire OSX Tests.xctest */,
				189AC22A1BFD981D00BF5ACE /* Alamofire.framework */,
				189AC22C1BFD981D00BF5ACE /* Alamofire tvOS Tests.xctest */,
				189AC22E1BFD981D00BF5ACE /* Alamofire.framework */,
			);
			name = Products;
			sourceTree = "<group>";
		};
		189AC22F1BFD983200BF5ACE /* ThirdParties */ = {
			isa = PBXGroup;
			children = (
				18DB1E8D1C0B0E1300F0D122 /* TPKeyboardAvoiding */,
				18349E031C02C089009E4C95 /* Spring */,
				189AC2141BFD728C00BF5ACE /* AuthenticationSetter.swift */,
				18D5B9AA1C037BBE006AD9DC /* UIColorExtension.swift */,
				189AC2351BFD9B2700BF5ACE /* SwiftyJSON.swift */,
				189AC2171BFD981D00BF5ACE /* Alamofire.xcodeproj */,
				18DB1ED41C0B556800F0D122 /* pop.xcodeproj */,
				186224D71C0323D70030D2D6 /* MZLoadingView.swift */,
			);
			name = ThirdParties;
			sourceTree = "<group>";
		};
		189AC2391BFDA44F00BF5ACE /* Data */ = {
			isa = PBXGroup;
			children = (
				180CE4B81C06A35600242094 /* Constants.swift */,
				180CE4B41C06A33A00242094 /* Calculator.swift */,
				189AC2101BFD6CEC00BF5ACE /* BaseURL.swift */,
				189AC2371BFDA2A800BF5ACE /* NetWork.swift */,
				189AC23E1BFDB7F200BF5ACE /* MZNotificationCenter.swift */,
				189AC23A1BFDA48300BF5ACE /* SaveData.swift */,
				18C9D3A81BFF235C00FC714E /* Weibo.swift */,
				18047EBD1C08AF61006D1EFA /* Data.swift */,
			);
			name = Data;
			sourceTree = "<group>";
		};
		18DB1E8D1C0B0E1300F0D122 /* TPKeyboardAvoiding */ = {
			isa = PBXGroup;
			children = (
				18DB1E8E1C0B0E1300F0D122 /* TPKeyboardAvoidingCollectionView.h */,
				18DB1E8F1C0B0E1300F0D122 /* TPKeyboardAvoidingCollectionView.m */,
				18DB1E901C0B0E1300F0D122 /* TPKeyboardAvoidingScrollView.h */,
				18DB1E911C0B0E1300F0D122 /* TPKeyboardAvoidingScrollView.m */,
				18DB1E921C0B0E1300F0D122 /* TPKeyboardAvoidingTableView.h */,
				18DB1E931C0B0E1300F0D122 /* TPKeyboardAvoidingTableView.m */,
				18DB1E941C0B0E1300F0D122 /* UIScrollView+TPKeyboardAvoidingAdditions.h */,
				18DB1E951C0B0E1300F0D122 /* UIScrollView+TPKeyboardAvoidingAdditions.m */,
			);
			path = TPKeyboardAvoiding;
			sourceTree = "<group>";
		};
		18DB1ED51C0B556800F0D122 /* Products */ = {
			isa = PBXGroup;
			children = (
				18DB1EDF1C0B556900F0D122 /* libpop.a */,
				18DB1EE11C0B556900F0D122 /* pop.framework */,
				18DB1EE31C0B556900F0D122 /* pop.framework */,
				18DB1EE51C0B556900F0D122 /* pop.framework */,
				18DB1EE71C0B556900F0D122 /* pop-tests.xctest */,
				18DB1EE91C0B556900F0D122 /* pop-tests.xctest */,
				18DB1EEB1C0B556900F0D122 /* pop-tests.xctest */,
			);
			name = Products;
			sourceTree = "<group>";
		};
		18F8B9DF1BFD5773003865E0 = {
			isa = PBXGroup;
			children = (
				189AC22F1BFD983200BF5ACE /* ThirdParties */,
				18F8B9EA1BFD5773003865E0 /* MWeco */,
				18F8BA021BFD5773003865E0 /* MWecoUITests */,
				18F8B9E91BFD5773003865E0 /* Products */,
			);
			sourceTree = "<group>";
		};
		18F8B9E91BFD5773003865E0 /* Products */ = {
			isa = PBXGroup;
			children = (
				18F8B9E81BFD5773003865E0 /* MWeco.app */,
				18F8B9FF1BFD5773003865E0 /* MWecoUITests.xctest */,
			);
			name = Products;
			sourceTree = "<group>";
		};
		18F8B9EA1BFD5773003865E0 /* MWeco */ = {
			isa = PBXGroup;
			children = (
				189AC2391BFDA44F00BF5ACE /* Data */,
				184ECFF41BFEE087001B05B2 /* Cell */,
				18047EC11C08C43B006D1EFA /* Controllers */,
				18F8B9EF1BFD5773003865E0 /* Main.storyboard */,
				18F8B9F71BFD5773003865E0 /* LaunchScreen.storyboard */,
				18F8B9EB1BFD5773003865E0 /* AppDelegate.swift */,
				186224D91C03262F0030D2D6 /* TestViewController.swift */,
				18F8B9ED1BFD5773003865E0 /* ViewController.swift */,
				189AC2161BFD737500BF5ACE /* MyPlayground.playground */,
				18F8B9F51BFD5773003865E0 /* Assets.xcassets */,
				18F8BA1E1BFD5AD5003865E0 /* Supporting Files */,
				18F8B9F21BFD5773003865E0 /* MWeco.xcdatamodeld */,
			);
			path = MWeco;
			sourceTree = "<group>";
		};
		18F8BA021BFD5773003865E0 /* MWecoUITests */ = {
			isa = PBXGroup;
			children = (
				18F8BA031BFD5773003865E0 /* MWecoUITests.swift */,
				18F8BA051BFD5773003865E0 /* Info.plist */,
			);
			path = MWecoUITests;
			sourceTree = "<group>";
		};
		18F8BA1E1BFD5AD5003865E0 /* Supporting Files */ = {
			isa = PBXGroup;
			children = (
				18F8B9FA1BFD5773003865E0 /* Info.plist */,
			);
			name = "Supporting Files";
			sourceTree = "<group>";
		};
/* End PBXGroup section */

/* Begin PBXNativeTarget section */
		18F8B9E71BFD5773003865E0 /* MWeco */ = {
			isa = PBXNativeTarget;
			buildConfigurationList = 18F8BA081BFD5773003865E0 /* Build configuration list for PBXNativeTarget "MWeco" */;
			buildPhases = (
				18F8B9E41BFD5773003865E0 /* Sources */,
				18F8B9E51BFD5773003865E0 /* Frameworks */,
				18F8B9E61BFD5773003865E0 /* Resources */,
				189AC2341BFD984B00BF5ACE /* Embed Frameworks */,
			);
			buildRules = (
			);
			dependencies = (
				189AC2331BFD984B00BF5ACE /* PBXTargetDependency */,
				18DB1EEF1C0B557300F0D122 /* PBXTargetDependency */,
			);
			name = MWeco;
			productName = MWeco;
			productReference = 18F8B9E81BFD5773003865E0 /* MWeco.app */;
			productType = "com.apple.product-type.application";
		};
		18F8B9FE1BFD5773003865E0 /* MWecoUITests */ = {
			isa = PBXNativeTarget;
			buildConfigurationList = 18F8BA0B1BFD5773003865E0 /* Build configuration list for PBXNativeTarget "MWecoUITests" */;
			buildPhases = (
				18F8B9FB1BFD5773003865E0 /* Sources */,
				18F8B9FC1BFD5773003865E0 /* Frameworks */,
				18F8B9FD1BFD5773003865E0 /* Resources */,
			);
			buildRules = (
			);
			dependencies = (
				18F8BA011BFD5773003865E0 /* PBXTargetDependency */,
			);
			name = MWecoUITests;
			productName = MWecoUITests;
			productReference = 18F8B9FF1BFD5773003865E0 /* MWecoUITests.xctest */;
			productType = "com.apple.product-type.bundle.ui-testing";
		};
/* End PBXNativeTarget section */

/* Begin PBXProject section */
		18F8B9E01BFD5773003865E0 /* Project object */ = {
			isa = PBXProject;
			attributes = {
				LastSwiftUpdateCheck = 0720;
				LastUpgradeCheck = 0720;
				ORGANIZATIONNAME = Monzy;
				TargetAttributes = {
					18F8B9E71BFD5773003865E0 = {
						CreatedOnToolsVersion = 7.2;
						DevelopmentTeam = V2NY8R3LME;
					};
					18F8B9FE1BFD5773003865E0 = {
						CreatedOnToolsVersion = 7.2;
						DevelopmentTeam = V2NY8R3LME;
						TestTargetID = 18F8B9E71BFD5773003865E0;
					};
				};
			};
			buildConfigurationList = 18F8B9E31BFD5773003865E0 /* Build configuration list for PBXProject "MWeco" */;
			compatibilityVersion = "Xcode 3.2";
			developmentRegion = English;
			hasScannedForEncodings = 0;
			knownRegions = (
				en,
				Base,
			);
			mainGroup = 18F8B9DF1BFD5773003865E0;
			productRefGroup = 18F8B9E91BFD5773003865E0 /* Products */;
			projectDirPath = "";
			projectReferences = (
				{
					ProductGroup = 189AC2181BFD981D00BF5ACE /* Products */;
					ProjectRef = 189AC2171BFD981D00BF5ACE /* Alamofire.xcodeproj */;
				},
				{
					ProductGroup = 18DB1ED51C0B556800F0D122 /* Products */;
					ProjectRef = 18DB1ED41C0B556800F0D122 /* pop.xcodeproj */;
				},
			);
			projectRoot = "";
			targets = (
				18F8B9E71BFD5773003865E0 /* MWeco */,
				18F8B9FE1BFD5773003865E0 /* MWecoUITests */,
			);
		};
/* End PBXProject section */

/* Begin PBXReferenceProxy section */
		189AC2221BFD981D00BF5ACE /* Alamofire.framework */ = {
			isa = PBXReferenceProxy;
			fileType = wrapper.framework;
			path = Alamofire.framework;
			remoteRef = 189AC2211BFD981D00BF5ACE /* PBXContainerItemProxy */;
			sourceTree = BUILT_PRODUCTS_DIR;
		};
		189AC2241BFD981D00BF5ACE /* Alamofire iOS Tests.xctest */ = {
			isa = PBXReferenceProxy;
			fileType = wrapper.cfbundle;
			path = "Alamofire iOS Tests.xctest";
			remoteRef = 189AC2231BFD981D00BF5ACE /* PBXContainerItemProxy */;
			sourceTree = BUILT_PRODUCTS_DIR;
		};
		189AC2261BFD981D00BF5ACE /* Alamofire.framework */ = {
			isa = PBXReferenceProxy;
			fileType = wrapper.framework;
			path = Alamofire.framework;
			remoteRef = 189AC2251BFD981D00BF5ACE /* PBXContainerItemProxy */;
			sourceTree = BUILT_PRODUCTS_DIR;
		};
		189AC2281BFD981D00BF5ACE /* Alamofire OSX Tests.xctest */ = {
			isa = PBXReferenceProxy;
			fileType = wrapper.cfbundle;
			path = "Alamofire OSX Tests.xctest";
			remoteRef = 189AC2271BFD981D00BF5ACE /* PBXContainerItemProxy */;
			sourceTree = BUILT_PRODUCTS_DIR;
		};
		189AC22A1BFD981D00BF5ACE /* Alamofire.framework */ = {
			isa = PBXReferenceProxy;
			fileType = wrapper.framework;
			path = Alamofire.framework;
			remoteRef = 189AC2291BFD981D00BF5ACE /* PBXContainerItemProxy */;
			sourceTree = BUILT_PRODUCTS_DIR;
		};
		189AC22C1BFD981D00BF5ACE /* Alamofire tvOS Tests.xctest */ = {
			isa = PBXReferenceProxy;
			fileType = wrapper.cfbundle;
			path = "Alamofire tvOS Tests.xctest";
			remoteRef = 189AC22B1BFD981D00BF5ACE /* PBXContainerItemProxy */;
			sourceTree = BUILT_PRODUCTS_DIR;
		};
		189AC22E1BFD981D00BF5ACE /* Alamofire.framework */ = {
			isa = PBXReferenceProxy;
			fileType = wrapper.framework;
			path = Alamofire.framework;
			remoteRef = 189AC22D1BFD981D00BF5ACE /* PBXContainerItemProxy */;
			sourceTree = BUILT_PRODUCTS_DIR;
		};
		18DB1EDF1C0B556900F0D122 /* libpop.a */ = {
			isa = PBXReferenceProxy;
			fileType = archive.ar;
			path = libpop.a;
			remoteRef = 18DB1EDE1C0B556900F0D122 /* PBXContainerItemProxy */;
			sourceTree = BUILT_PRODUCTS_DIR;
		};
		18DB1EE11C0B556900F0D122 /* pop.framework */ = {
			isa = PBXReferenceProxy;
			fileType = wrapper.framework;
			path = pop.framework;
			remoteRef = 18DB1EE01C0B556900F0D122 /* PBXContainerItemProxy */;
			sourceTree = BUILT_PRODUCTS_DIR;
		};
		18DB1EE31C0B556900F0D122 /* pop.framework */ = {
			isa = PBXReferenceProxy;
			fileType = wrapper.framework;
			path = pop.framework;
			remoteRef = 18DB1EE21C0B556900F0D122 /* PBXContainerItemProxy */;
			sourceTree = BUILT_PRODUCTS_DIR;
		};
		18DB1EE51C0B556900F0D122 /* pop.framework */ = {
			isa = PBXReferenceProxy;
			fileType = wrapper.framework;
			path = pop.framework;
			remoteRef = 18DB1EE41C0B556900F0D122 /* PBXContainerItemProxy */;
			sourceTree = BUILT_PRODUCTS_DIR;
		};
		18DB1EE71C0B556900F0D122 /* pop-tests.xctest */ = {
			isa = PBXReferenceProxy;
			fileType = wrapper.cfbundle;
			path = "pop-tests.xctest";
			remoteRef = 18DB1EE61C0B556900F0D122 /* PBXContainerItemProxy */;
			sourceTree = BUILT_PRODUCTS_DIR;
		};
		18DB1EE91C0B556900F0D122 /* pop-tests.xctest */ = {
			isa = PBXReferenceProxy;
			fileType = wrapper.cfbundle;
			path = "pop-tests.xctest";
			remoteRef = 18DB1EE81C0B556900F0D122 /* PBXContainerItemProxy */;
			sourceTree = BUILT_PRODUCTS_DIR;
		};
		18DB1EEB1C0B556900F0D122 /* pop-tests.xctest */ = {
			isa = PBXReferenceProxy;
			fileType = wrapper.cfbundle;
			path = "pop-tests.xctest";
			remoteRef = 18DB1EEA1C0B556900F0D122 /* PBXContainerItemProxy */;
			sourceTree = BUILT_PRODUCTS_DIR;
		};
/* End PBXReferenceProxy section */

/* Begin PBXResourcesBuildPhase section */
		18F8B9E61BFD5773003865E0 /* Resources */ = {
			isa = PBXResourcesBuildPhase;
			buildActionMask = 2147483647;
			files = (
				18349E2E1C02C08A009E4C95 /* Info.plist in Resources */,
				18F8B9F91BFD5773003865E0 /* LaunchScreen.storyboard in Resources */,
				18F8B9F61BFD5773003865E0 /* Assets.xcassets in Resources */,
				18F8B9F11BFD5773003865E0 /* Main.storyboard in Resources */,
				18349E311C02C08A009E4C95 /* LoadingView.xib in Resources */,
			);
			runOnlyForDeploymentPostprocessing = 0;
		};
		18F8B9FD1BFD5773003865E0 /* Resources */ = {
			isa = PBXResourcesBuildPhase;
			buildActionMask = 2147483647;
			files = (
			);
			runOnlyForDeploymentPostprocessing = 0;
		};
/* End PBXResourcesBuildPhase section */

/* Begin PBXSourcesBuildPhase section */
		18F8B9E41BFD5773003865E0 /* Sources */ = {
			isa = PBXSourcesBuildPhase;
			buildActionMask = 2147483647;
			files = (
				186224DA1C03262F0030D2D6 /* TestViewController.swift in Sources */,
				18F8B9F41BFD5773003865E0 /* MWeco.xcdatamodeld in Sources */,
				18349E381C02C08A009E4C95 /* SpringLabel.swift in Sources */,
				18349E3A1C02C08A009E4C95 /* SpringTextView.swift in Sources */,
				18C9D3A91BFF235C00FC714E /* Weibo.swift in Sources */,
				189AC2471BFDC1FA00BF5ACE /* SelfTableViewController.swift in Sources */,
				18349E2D1C02C08A009E4C95 /* ImageLoader.swift in Sources */,
				186224D81C0323D70030D2D6 /* MZLoadingView.swift in Sources */,
				18349E371C02C08A009E4C95 /* SpringImageView.swift in Sources */,
				18DB1E991C0B0E1300F0D122 /* UIScrollView+TPKeyboardAvoidingAdditions.m in Sources */,
				18349E2B1C02C08A009E4C95 /* DesignableTextView.swift in Sources */,
				18349E2C1C02C08A009E4C95 /* DesignableView.swift in Sources */,
				18D5B9AB1C037BBE006AD9DC /* UIColorExtension.swift in Sources */,
				189AC2131BFD6E7800BF5ACE /* OauthViewController.swift in Sources */,
				187F2BC81C07632200BD96B4 /* TabBarController.swift in Sources */,
				189AC2381BFDA2A800BF5ACE /* NetWork.swift in Sources */,
				18DB1E971C0B0E1300F0D122 /* TPKeyboardAvoidingScrollView.m in Sources */,
				18349E3D1C02C08A009E4C95 /* TransitionZoom.swift in Sources */,
				18F8B9EE1BFD5773003865E0 /* ViewController.swift in Sources */,
				189AC2111BFD6CEC00BF5ACE /* BaseURL.swift in Sources */,
				189AC23B1BFDA48300BF5ACE /* SaveData.swift in Sources */,
				18349E251C02C08A009E4C95 /* BlurView.swift in Sources */,
				180CE4BB1C06A42300242094 /* StatusCell.swift in Sources */,
				18349E341C02C08A009E4C95 /* Spring.swift in Sources */,
				189AC2431BFDC16800BF5ACE /* NotificationTableViewController.swift in Sources */,
				18349E3E1C02C08A009E4C95 /* UnwindSegue.swift in Sources */,
				18349E331C02C08A009E4C95 /* SoundPlayer.swift in Sources */,
				189AC2151BFD728C00BF5ACE /* AuthenticationSetter.swift in Sources */,
				189AC2451BFDC18B00BF5ACE /* SearchViewController.swift in Sources */,
				186224D01C02EACA0030D2D6 /* SettingTableViewController.swift in Sources */,
				18349E321C02C08A009E4C95 /* Misc.swift in Sources */,
				189AC2361BFD9B2700BF5ACE /* SwiftyJSON.swift in Sources */,
				18349E261C02C08A009E4C95 /* DesignableButton.swift in Sources */,
				18349E241C02C08A009E4C95 /* AutoTextView.swift in Sources */,
				18349E221C02C08A009E4C95 /* AsyncButton.swift in Sources */,
				18349E231C02C08A009E4C95 /* AsyncImageView.swift in Sources */,
				18DB1E961C0B0E1300F0D122 /* TPKeyboardAvoidingCollectionView.m in Sources */,
				189AC2411BFDC14300BF5ACE /* TopWeiboTableViewController.swift in Sources */,
				180CE4B91C06A35600242094 /* Constants.swift in Sources */,
				18349E2F1C02C08A009E4C95 /* KeyboardLayoutConstraint.swift in Sources */,
				18349E3C1C02C08A009E4C95 /* TransitionManager.swift in Sources */,
				18349E271C02C08A009E4C95 /* DesignableImageView.swift in Sources */,
				187F2BCA1C076FBD00BD96B4 /* NewStatusMenuViewController.swift in Sources */,
				18349E291C02C08A009E4C95 /* DesignableTabBarController.swift in Sources */,
				189AC23F1BFDB7F200BF5ACE /* MZNotificationCenter.swift in Sources */,
				180CE4B51C06A33A00242094 /* Calculator.swift in Sources */,
				18047EB61C089716006D1EFA /* EditorViewController.swift in Sources */,
				18047EBE1C08AF61006D1EFA /* Data.swift in Sources */,
				18349E3B1C02C08A009E4C95 /* SpringView.swift in Sources */,
				18349E281C02C08A009E4C95 /* DesignableLabel.swift in Sources */,
				18F8B9EC1BFD5773003865E0 /* AppDelegate.swift in Sources */,
				18349E361C02C08A009E4C95 /* SpringButton.swift in Sources */,
				18349E351C02C08A009E4C95 /* SpringAnimation.swift in Sources */,
				187F2BC61C06DF3100BD96B4 /* PreviewPictureController.swift in Sources */,
				18349E391C02C08A009E4C95 /* SpringTextField.swift in Sources */,
				18349E301C02C08A009E4C95 /* LoadingView.swift in Sources */,
				187F2BBE1C06DCFF00BD96B4 /* Extensions.swift in Sources */,
				18349E2A1C02C08A009E4C95 /* DesignableTextField.swift in Sources */,
				18DB1E981C0B0E1300F0D122 /* TPKeyboardAvoidingTableView.m in Sources */,
			);
			runOnlyForDeploymentPostprocessing = 0;
		};
		18F8B9FB1BFD5773003865E0 /* Sources */ = {
			isa = PBXSourcesBuildPhase;
			buildActionMask = 2147483647;
			files = (
				18F8BA041BFD5773003865E0 /* MWecoUITests.swift in Sources */,
			);
			runOnlyForDeploymentPostprocessing = 0;
		};
/* End PBXSourcesBuildPhase section */

/* Begin PBXTargetDependency section */
		189AC2331BFD984B00BF5ACE /* PBXTargetDependency */ = {
			isa = PBXTargetDependency;
			name = "Alamofire iOS";
			targetProxy = 189AC2321BFD984B00BF5ACE /* PBXContainerItemProxy */;
		};
		18DB1EEF1C0B557300F0D122 /* PBXTargetDependency */ = {
			isa = PBXTargetDependency;
			name = "pop-ios-framework";
			targetProxy = 18DB1EEE1C0B557300F0D122 /* PBXContainerItemProxy */;
		};
		18F8BA011BFD5773003865E0 /* PBXTargetDependency */ = {
			isa = PBXTargetDependency;
			target = 18F8B9E71BFD5773003865E0 /* MWeco */;
			targetProxy = 18F8BA001BFD5773003865E0 /* PBXContainerItemProxy */;
		};
/* End PBXTargetDependency section */

/* Begin PBXVariantGroup section */
		18F8B9EF1BFD5773003865E0 /* Main.storyboard */ = {
			isa = PBXVariantGroup;
			children = (
				18F8B9F01BFD5773003865E0 /* Base */,
			);
			name = Main.storyboard;
			sourceTree = "<group>";
		};
		18F8B9F71BFD5773003865E0 /* LaunchScreen.storyboard */ = {
			isa = PBXVariantGroup;
			children = (
				18F8B9F81BFD5773003865E0 /* Base */,
			);
			name = LaunchScreen.storyboard;
			sourceTree = "<group>";
		};
/* End PBXVariantGroup section */

/* Begin XCBuildConfiguration section */
		18F8BA061BFD5773003865E0 /* Debug */ = {
			isa = XCBuildConfiguration;
			buildSettings = {
				ALWAYS_SEARCH_USER_PATHS = NO;
				CLANG_CXX_LANGUAGE_STANDARD = "gnu++0x";
				CLANG_CXX_LIBRARY = "libc++";
				CLANG_ENABLE_MODULES = YES;
				CLANG_ENABLE_OBJC_ARC = YES;
				CLANG_WARN_BOOL_CONVERSION = YES;
				CLANG_WARN_CONSTANT_CONVERSION = YES;
				CLANG_WARN_DIRECT_OBJC_ISA_USAGE = YES_ERROR;
				CLANG_WARN_EMPTY_BODY = YES;
				CLANG_WARN_ENUM_CONVERSION = YES;
				CLANG_WARN_INT_CONVERSION = YES;
				CLANG_WARN_OBJC_ROOT_CLASS = YES_ERROR;
				CLANG_WARN_UNREACHABLE_CODE = YES;
				CLANG_WARN__DUPLICATE_METHOD_MATCH = YES;
				"CODE_SIGN_IDENTITY[sdk=iphoneos*]" = "iPhone Developer";
				COPY_PHASE_STRIP = NO;
				DEBUG_INFORMATION_FORMAT = dwarf;
				ENABLE_STRICT_OBJC_MSGSEND = YES;
				ENABLE_TESTABILITY = YES;
				GCC_C_LANGUAGE_STANDARD = gnu99;
				GCC_DYNAMIC_NO_PIC = NO;
				GCC_NO_COMMON_BLOCKS = YES;
				GCC_OPTIMIZATION_LEVEL = 0;
				GCC_PREPROCESSOR_DEFINITIONS = (
					"DEBUG=1",
					"$(inherited)",
				);
				GCC_WARN_64_TO_32_BIT_CONVERSION = YES;
				GCC_WARN_ABOUT_RETURN_TYPE = YES_ERROR;
				GCC_WARN_UNDECLARED_SELECTOR = YES;
				GCC_WARN_UNINITIALIZED_AUTOS = YES_AGGRESSIVE;
				GCC_WARN_UNUSED_FUNCTION = YES;
				GCC_WARN_UNUSED_VARIABLE = YES;
				IPHONEOS_DEPLOYMENT_TARGET = 9.2;
				MTL_ENABLE_DEBUG_INFO = YES;
				ONLY_ACTIVE_ARCH = YES;
				SDKROOT = iphoneos;
				SWIFT_OPTIMIZATION_LEVEL = "-Onone";
			};
			name = Debug;
		};
		18F8BA071BFD5773003865E0 /* Release */ = {
			isa = XCBuildConfiguration;
			buildSettings = {
				ALWAYS_SEARCH_USER_PATHS = NO;
				CLANG_CXX_LANGUAGE_STANDARD = "gnu++0x";
				CLANG_CXX_LIBRARY = "libc++";
				CLANG_ENABLE_MODULES = YES;
				CLANG_ENABLE_OBJC_ARC = YES;
				CLANG_WARN_BOOL_CONVERSION = YES;
				CLANG_WARN_CONSTANT_CONVERSION = YES;
				CLANG_WARN_DIRECT_OBJC_ISA_USAGE = YES_ERROR;
				CLANG_WARN_EMPTY_BODY = YES;
				CLANG_WARN_ENUM_CONVERSION = YES;
				CLANG_WARN_INT_CONVERSION = YES;
				CLANG_WARN_OBJC_ROOT_CLASS = YES_ERROR;
				CLANG_WARN_UNREACHABLE_CODE = YES;
				CLANG_WARN__DUPLICATE_METHOD_MATCH = YES;
				"CODE_SIGN_IDENTITY[sdk=iphoneos*]" = "iPhone Developer";
				COPY_PHASE_STRIP = NO;
				DEBUG_INFORMATION_FORMAT = "dwarf-with-dsym";
				ENABLE_NS_ASSERTIONS = NO;
				ENABLE_STRICT_OBJC_MSGSEND = YES;
				GCC_C_LANGUAGE_STANDARD = gnu99;
				GCC_NO_COMMON_BLOCKS = YES;
				GCC_WARN_64_TO_32_BIT_CONVERSION = YES;
				GCC_WARN_ABOUT_RETURN_TYPE = YES_ERROR;
				GCC_WARN_UNDECLARED_SELECTOR = YES;
				GCC_WARN_UNINITIALIZED_AUTOS = YES_AGGRESSIVE;
				GCC_WARN_UNUSED_FUNCTION = YES;
				GCC_WARN_UNUSED_VARIABLE = YES;
				IPHONEOS_DEPLOYMENT_TARGET = 9.2;
				MTL_ENABLE_DEBUG_INFO = NO;
				SDKROOT = iphoneos;
				VALIDATE_PRODUCT = YES;
			};
			name = Release;
		};
		18F8BA091BFD5773003865E0 /* Debug */ = {
			isa = XCBuildConfiguration;
			buildSettings = {
				ASSETCATALOG_COMPILER_APPICON_NAME = AppIcon;
				EMBEDDED_CONTENT_CONTAINS_SWIFT = YES;
				INFOPLIST_FILE = MWeco/Info.plist;
				LD_RUNPATH_SEARCH_PATHS = "$(inherited) @executable_path/Frameworks";
				LIBRARY_SEARCH_PATHS = (
					"$(inherited)",
					"$(PROJECT_DIR)/MWeco/libWeiboSDK",
				);
				PRODUCT_BUNDLE_IDENTIFIER = com.Monzy.Zhang.MWeco;
				PRODUCT_NAME = "$(TARGET_NAME)";
				SWIFT_OBJC_BRIDGING_HEADER = "";
				SWIFT_OBJC_INTERFACE_HEADER_NAME = "";
			};
			name = Debug;
		};
		18F8BA0A1BFD5773003865E0 /* Release */ = {
			isa = XCBuildConfiguration;
			buildSettings = {
				ASSETCATALOG_COMPILER_APPICON_NAME = AppIcon;
				EMBEDDED_CONTENT_CONTAINS_SWIFT = YES;
				INFOPLIST_FILE = MWeco/Info.plist;
				LD_RUNPATH_SEARCH_PATHS = "$(inherited) @executable_path/Frameworks";
				LIBRARY_SEARCH_PATHS = (
					"$(inherited)",
					"$(PROJECT_DIR)/MWeco/libWeiboSDK",
				);
				PRODUCT_BUNDLE_IDENTIFIER = com.Monzy.Zhang.MWeco;
				PRODUCT_NAME = "$(TARGET_NAME)";
				SWIFT_OBJC_BRIDGING_HEADER = "";
				SWIFT_OBJC_INTERFACE_HEADER_NAME = "";
			};
			name = Release;
		};
		18F8BA0C1BFD5773003865E0 /* Debug */ = {
			isa = XCBuildConfiguration;
			buildSettings = {
				INFOPLIST_FILE = MWecoUITests/Info.plist;
				LD_RUNPATH_SEARCH_PATHS = "$(inherited) @executable_path/Frameworks @loader_path/Frameworks";
				PRODUCT_BUNDLE_IDENTIFIER = com.Monzy.Zhang.MWecoUITests;
				PRODUCT_NAME = "$(TARGET_NAME)";
				TEST_TARGET_NAME = MWeco;
				USES_XCTRUNNER = YES;
			};
			name = Debug;
		};
		18F8BA0D1BFD5773003865E0 /* Release */ = {
			isa = XCBuildConfiguration;
			buildSettings = {
				INFOPLIST_FILE = MWecoUITests/Info.plist;
				LD_RUNPATH_SEARCH_PATHS = "$(inherited) @executable_path/Frameworks @loader_path/Frameworks";
				PRODUCT_BUNDLE_IDENTIFIER = com.Monzy.Zhang.MWecoUITests;
				PRODUCT_NAME = "$(TARGET_NAME)";
				TEST_TARGET_NAME = MWeco;
				USES_XCTRUNNER = YES;
			};
			name = Release;
		};
/* End XCBuildConfiguration section */

/* Begin XCConfigurationList section */
		18F8B9E31BFD5773003865E0 /* Build configuration list for PBXProject "MWeco" */ = {
			isa = XCConfigurationList;
			buildConfigurations = (
				18F8BA061BFD5773003865E0 /* Debug */,
				18F8BA071BFD5773003865E0 /* Release */,
			);
			defaultConfigurationIsVisible = 0;
			defaultConfigurationName = Release;
		};
		18F8BA081BFD5773003865E0 /* Build configuration list for PBXNativeTarget "MWeco" */ = {
			isa = XCConfigurationList;
			buildConfigurations = (
				18F8BA091BFD5773003865E0 /* Debug */,
				18F8BA0A1BFD5773003865E0 /* Release */,
			);
			defaultConfigurationIsVisible = 0;
			defaultConfigurationName = Release;
		};
		18F8BA0B1BFD5773003865E0 /* Build configuration list for PBXNativeTarget "MWecoUITests" */ = {
			isa = XCConfigurationList;
			buildConfigurations = (
				18F8BA0C1BFD5773003865E0 /* Debug */,
				18F8BA0D1BFD5773003865E0 /* Release */,
			);
			defaultConfigurationIsVisible = 0;
			defaultConfigurationName = Release;
		};
/* End XCConfigurationList section */

/* Begin XCVersionGroup section */
		18F8B9F21BFD5773003865E0 /* MWeco.xcdatamodeld */ = {
			isa = XCVersionGroup;
			children = (
				18F8B9F31BFD5773003865E0 /* MWeco.xcdatamodel */,
			);
			currentVersion = 18F8B9F31BFD5773003865E0 /* MWeco.xcdatamodel */;
			path = MWeco.xcdatamodeld;
			sourceTree = "<group>";
			versionGroupType = wrapper.xcdatamodel;
		};
/* End XCVersionGroup section */
	};
	rootObject = 18F8B9E01BFD5773003865E0 /* Project object */;
}
